# This file is autogenerated, do not edit; changes may be undone by the next 'dep ensure'.


[[projects]]
  branch = "master"
  name = "golang.org/x/tools"
  packages = ["container/intsets","go/ast/astutil","go/buildutil","go/callgraph","go/loader","go/pointer","go/ssa","go/ssa/ssautil","go/types/typeutil"]
  revision = "6f1996fdfe16ee1642cf6f4876ed3648e2f66969"

[solve-meta]
  analyzer-name = "dep"
  analyzer-version = 1
  inputs-digest = "f848ae8610ae0bc9a263bdd0f1c94cb8d8671ac0ed051c4704762bd2725c67fc"
  solver-name = "gps-cdcl"
  solver-version = 1
